
Microsoft Visual Studio Solution File, Format Version 12.00
# Visual Studio 2013
VisualStudioVersion = 12.0.30723.0
MinimumVisualStudioVersion = 10.0.40219.1
Project("{FAE04EC0-301F-11D3-BF4B-00C04F79EFBC}") = "CarDealership.Web", "CarDealership.Web.csproj", "{7C6427AF-E69B-4EF0-86D2-F40D305FF865}"
EndProject
Project("{FAE04EC0-301F-11D3-BF4B-00C04F79EFBC}") = "CarDealership.Services", "CarDealership.Services\CarDealership.Services.csproj", "{04FC12B3-C3FA-4308-95B1-4003525A0BDA}"
EndProject
Project("{FAE04EC0-301F-11D3-BF4B-00C04F79EFBC}") = "CarDealership.Serives.Test", "CarDealership.Serives.Test\CarDealership.Serives.Test.csproj", "{CF172C07-2CAE-47A6-9DAA-D59855824F3D}"
EndProject
Global
	GlobalSection(SolutionConfigurationPlatforms) = preSolution
		Debug|Any CPU = Debug|Any CPU
		Release|Any CPU = Release|Any CPU
	EndGlobalSection
	GlobalSection(ProjectConfigurationPlatforms) = postSolution
		{7C6427AF-E69B-4EF0-86D2-F40D305FF865}.Debug|Any CPU.ActiveCfg = Debug|Any CPU
		{7C6427AF-E69B-4EF0-86D2-F40D305FF865}.Debug|Any CPU.Build.0 = Debug|Any CPU
		{7C6427AF-E69B-4EF0-86D2-F40D305FF865}.Release|Any CPU.ActiveCfg = Release|Any CPU
		{7C6427AF-E69B-4EF0-86D2-F40D305FF865}.Release|Any CPU.Build.0 = Release|Any CPU
		{04FC12B3-C3FA-4308-95B1-4003525A0BDA}.Debug|Any CPU.ActiveCfg = Debug|Any CPU
		{04FC12B3-C3FA-4308-95B1-4003525A0BDA}.Debug|Any CPU.Build.0 = Debug|Any CPU
		{04FC12B3-C3FA-4308-95B1-4003525A0BDA}.Release|Any CPU.ActiveCfg = Release|Any CPU
		{04FC12B3-C3FA-4308-95B1-4003525A0BDA}.Release|Any CPU.Build.0 = Release|Any CPU
		{CF172C07-2CAE-47A6-9DAA-D59855824F3D}.Debug|Any CPU.ActiveCfg = Debug|Any CPU
		{CF172C07-2CAE-47A6-9DAA-D59855824F3D}.Debug|Any CPU.Build.0 = Debug|Any CPU
		{CF172C07-2CAE-47A6-9DAA-D59855824F3D}.Release|Any CPU.ActiveCfg = Release|Any CPU
		{CF172C07-2CAE-47A6-9DAA-D59855824F3D}.Release|Any CPU.Build.0 = Release|Any CPU
	EndGlobalSection
	GlobalSection(SolutionProperties) = preSolution
		HideSolutionNode = FALSE
	EndGlobalSection
EndGlobal
